
Microsoft Visual Studio Solution File, Format Version 12.00
# Visual Studio Version 17
VisualStudioVersion = 17.4.33205.214
MinimumVisualStudioVersion = 10.0.40219.1
Project("{9A19103F-16F7-4668-BE54-9A1E7A4F7556}") = "TradingApp_1", "TradingApp_1\TradingApp_1.csproj", "{80199619-D3F9-4321-9D51-5DBC8E6F1E93}"
EndProject
Project("{9A19103F-16F7-4668-BE54-9A1E7A4F7556}") = "API", "API\API.csproj", "{76AB5208-4370-4699-A0E8-B5643E22FF2F}"
EndProject
Global
	GlobalSection(SolutionConfigurationPlatforms) = preSolution
		Debug|Any CPU = Debug|Any CPU
		Release|Any CPU = Release|Any CPU
	EndGlobalSection
	GlobalSection(ProjectConfigurationPlatforms) = postSolution
		{80199619-D3F9-4321-9D51-5DBC8E6F1E93}.Debug|Any CPU.ActiveCfg = Debug|Any CPU
		{80199619-D3F9-4321-9D51-5DBC8E6F1E93}.Debug|Any CPU.Build.0 = Debug|Any CPU
		{80199619-D3F9-4321-9D51-5DBC8E6F1E93}.Release|Any CPU.ActiveCfg = Release|Any CPU
		{80199619-D3F9-4321-9D51-5DBC8E6F1E93}.Release|Any CPU.Build.0 = Release|Any CPU
		{76AB5208-4370-4699-A0E8-B5643E22FF2F}.Debug|Any CPU.ActiveCfg = Debug|Any CPU
		{76AB5208-4370-4699-A0E8-B5643E22FF2F}.Debug|Any CPU.Build.0 = Debug|Any CPU
		{76AB5208-4370-4699-A0E8-B5643E22FF2F}.Release|Any CPU.ActiveCfg = Release|Any CPU
		{76AB5208-4370-4699-A0E8-B5643E22FF2F}.Release|Any CPU.Build.0 = Release|Any CPU
	EndGlobalSection
	GlobalSection(SolutionProperties) = preSolution
		HideSolutionNode = FALSE
	EndGlobalSection
	GlobalSection(ExtensibilityGlobals) = postSolution
		SolutionGuid = {6D0E56C2-AE22-4E36-B359-3E480F464CAC}
	EndGlobalSection
EndGlobal
